// !$*UTF8*$!
{
	archiveVersion = 1;
	classes = {
	};
	objectVersion = 56;
	objects = {

/* Begin PBXBuildFile section */
		B88486F12D2185C000B828CC /* AppDelegate.swift in Sources */ = {isa = PBXBuildFile; fileRef = B88486F02D2185C000B828CC /* AppDelegate.swift */; };
		B88486F32D2185C000B828CC /* SceneDelegate.swift in Sources */ = {isa = PBXBuildFile; fileRef = B88486F22D2185C000B828CC /* SceneDelegate.swift */; };
		B88486F52D2185C000B828CC /* ViewController.swift in Sources */ = {isa = PBXBuildFile; fileRef = B88486F42D2185C000B828CC /* ViewController.swift */; };
		B88486F82D2185C000B828CC /* Main.storyboard in Resources */ = {isa = PBXBuildFile; fileRef = B88486F62D2185C000B828CC /* Main.storyboard */; };
		B88486FB2D2185C000B828CC /* compositionalLayout.xcdatamodeld in Sources */ = {isa = PBXBuildFile; fileRef = B88486F92D2185C000B828CC /* compositionalLayout.xcdatamodeld */; };
		B88486FD2D2185C100B828CC /* Assets.xcassets in Resources */ = {isa = PBXBuildFile; fileRef = B88486FC2D2185C100B828CC /* Assets.xcassets */; };
		B88487002D2185C100B828CC /* LaunchScreen.storyboard in Resources */ = {isa = PBXBuildFile; fileRef = B88486FE2D2185C100B828CC /* LaunchScreen.storyboard */; };
		B88487082D21877400B828CC /* Cells.swift in Sources */ = {isa = PBXBuildFile; fileRef = B88487072D21877400B828CC /* Cells.swift */; };
		B884870A2D2187B800B828CC /* SwiftUICells.swift in Sources */ = {isa = PBXBuildFile; fileRef = B88487092D2187B800B828CC /* SwiftUICells.swift */; };
/* End PBXBuildFile section */

/* Begin PBXFileReference section */
		B88486ED2D2185C000B828CC /* compositionalLayout.app */ = {isa = PBXFileReference; explicitFileType = wrapper.application; includeInIndex = 0; path = compositionalLayout.app; sourceTree = BUILT_PRODUCTS_DIR; };
		B88486F02D2185C000B828CC /* AppDelegate.swift */ = {isa = PBXFileReference; lastKnownFileType = sourcecode.swift; path = AppDelegate.swift; sourceTree = "<group>"; };
		B88486F22D2185C000B828CC /* SceneDelegate.swift */ = {isa = PBXFileReference; lastKnownFileType = sourcecode.swift; path = SceneDelegate.swift; sourceTree = "<group>"; };
		B88486F42D2185C000B828CC /* ViewController.swift */ = {isa = PBXFileReference; lastKnownFileType = sourcecode.swift; path = ViewController.swift; sourceTree = "<group>"; };
		B88486F72D2185C000B828CC /* Base */ = {isa = PBXFileReference; lastKnownFileType = file.storyboard; name = Base; path = Base.lproj/Main.storyboard; sourceTree = "<group>"; };
		B88486FA2D2185C000B828CC /* compositionalLayout.xcdatamodel */ = {isa = PBXFileReference; lastKnownFileType = wrapper.xcdatamodel; path = compositionalLayout.xcdatamodel; sourceTree = "<group>"; };
		B88486FC2D2185C100B828CC /* Assets.xcassets */ = {isa = PBXFileReference; lastKnownFileType = folder.assetcatalog; path = Assets.xcassets; sourceTree = "<group>"; };
		B88486FF2D2185C100B828CC /* Base */ = {isa = PBXFileReference; lastKnownFileType = file.storyboard; name = Base; path = Base.lproj/LaunchScreen.storyboard; sourceTree = "<group>"; };
		B88487012D2185C100B828CC /* Info.plist */ = {isa = PBXFileReference; lastKnownFileType = text.plist.xml; path = Info.plist; sourceTree = "<group>"; };
		B88487072D21877400B828CC /* Cells.swift */ = {isa = PBXFileReference; lastKnownFileType = sourcecode.swift; path = Cells.swift; sourceTree = "<group>"; };
		B88487092D2187B800B828CC /* SwiftUICells.swift */ = {isa = PBXFileReference; lastKnownFileType = sourcecode.swift; path = SwiftUICells.swift; sourceTree = "<group>"; };
/* End PBXFileReference section */

/* Begin PBXFrameworksBuildPhase section */
		B88486EA2D2185C000B828CC /* Frameworks */ = {
			isa = PBXFrameworksBuildPhase;
			buildActionMask = 2147483647;
			files = (
			);
			runOnlyForDeploymentPostprocessing = 0;
		};
/* End PBXFrameworksBuildPhase section */

/* Begin PBXGroup section */
		B88486E42D2185C000B828CC = {
			isa = PBXGroup;
			children = (
				B88486EF2D2185C000B828CC /* compositionalLayout */,
				B88486EE2D2185C000B828CC /* Products */,
			);
			sourceTree = "<group>";
		};
		B88486EE2D2185C000B828CC /* Products */ = {
			isa = PBXGroup;
			children = (
				B88486ED2D2185C000B828CC /* compositionalLayout.app */,
			);
			name = Products;
			sourceTree = "<group>";
		};
		B88486EF2D2185C000B828CC /* compositionalLayout */ = {
			isa = PBXGroup;
			children = (
				B88486F02D2185C000B828CC /* AppDelegate.swift */,
				B88486F22D2185C000B828CC /* SceneDelegate.swift */,
				B88486F42D2185C000B828CC /* ViewController.swift */,
				B88486F62D2185C000B828CC /* Main.storyboard */,
				B88486FC2D2185C100B828CC /* Assets.xcassets */,
				B88486FE2D2185C100B828CC /* LaunchScreen.storyboard */,
				B88487012D2185C100B828CC /* Info.plist */,
				B88486F92D2185C000B828CC /* compositionalLayout.xcdatamodeld */,
				B88487072D21877400B828CC /* Cells.swift */,
				B88487092D2187B800B828CC /* SwiftUICells.swift */,
			);
			path = compositionalLayout;
			sourceTree = "<group>";
		};
/* End PBXGroup section */

/* Begin PBXNativeTarget section */
		B88486EC2D2185C000B828CC /* compositionalLayout */ = {
			isa = PBXNativeTarget;
			buildConfigurationList = B88487042D2185C100B828CC /* Build configuration list for PBXNativeTarget "compositionalLayout" */;
			buildPhases = (
				B88486E92D2185C000B828CC /* Sources */,
				B88486EA2D2185C000B828CC /* Frameworks */,
				B88486EB2D2185C000B828CC /* Resources */,
			);
			buildRules = (
			);
			dependencies = (
			);
			name = compositionalLayout;
			productName = compositionalLayout;
			productReference = B88486ED2D2185C000B828CC /* compositionalLayout.app */;
			productType = "com.apple.product-type.application";
		};
/* End PBXNativeTarget section */

/* Begin PBXProject section */
		B88486E52D2185C000B828CC /* Project object */ = {
			isa = PBXProject;
			attributes = {
				BuildIndependentTargetsInParallel = 1;
				LastSwiftUpdateCheck = 1500;
				LastUpgradeCheck = 1500;
				TargetAttributes = {
					B88486EC2D2185C000B828CC = {
						CreatedOnToolsVersion = 15.0.1;
					};
				};
			};
			buildConfigurationList = B88486E82D2185C000B828CC /* Build configuration list for PBXProject "compositionalLayout" */;
			compatibilityVersion = "Xcode 14.0";
			developmentRegion = en;
			hasScannedForEncodings = 0;
			knownRegions = (
				en,
				Base,
			);
			mainGroup = B88486E42D2185C000B828CC;
			productRefGroup = B88486EE2D2185C000B828CC /* Products */;
			projectDirPath = "";
			projectRoot = "";
			targets = (
				B88486EC2D2185C000B828CC /* compositionalLayout */,
			);
		};
/* End PBXProject section */

/* Begin PBXResourcesBuildPhase section */
		B88486EB2D2185C000B828CC /* Resources */ = {
			isa = PBXResourcesBuildPhase;
			buildActionMask = 2147483647;
			files = (
				B88487002D2185C100B828CC /* LaunchScreen.storyboard in Resources */,
				B88486FD2D2185C100B828CC /* Assets.xcassets in Resources */,
				B88486F82D2185C000B828CC /* Main.storyboard in Resources */,
			);
			runOnlyForDeploymentPostprocessing = 0;
		};
/* End PBXResourcesBuildPhase section */

/* Begin PBXSourcesBuildPhase section */
		B88486E92D2185C000B828CC /* Sources */ = {
			isa = PBXSourcesBuildPhase;
			buildActionMask = 2147483647;
			files = (
				B88486F52D2185C000B828CC /* ViewController.swift in Sources */,
				B884870A2D2187B800B828CC /* SwiftUICells.swift in Sources */,
				B88486F12D2185C000B828CC /* AppDelegate.swift in Sources */,
				B88486FB2D2185C000B828CC /* compositionalLayout.xcdatamodeld in Sources */,
				B88486F32D2185C000B828CC /* SceneDelegate.swift in Sources */,
				B88487082D21877400B828CC /* Cells.swift in Sources */,
			);
			runOnlyForDeploymentPostprocessing = 0;
		};
/* End PBXSourcesBuildPhase section */

/* Begin PBXVariantGroup section */
		B88486F62D2185C000B828CC /* Main.storyboard */ = {
			isa = PBXVariantGroup;
			children = (
				B88486F72D2185C000B828CC /* Base */,
			);
			name = Main.storyboard;
			sourceTree = "<group>";
		};
		B88486FE2D2185C100B828CC /* LaunchScreen.storyboard */ = {
			isa = PBXVariantGroup;
			children = (
				B88486FF2D2185C100B828CC /* Base */,
			);
			name = LaunchScreen.storyboard;
			sourceTree = "<group>";
		};
/* End PBXVariantGroup section */

/* Begin XCBuildConfiguration section */
		B88487022D2185C100B828CC /* Debug */ = {
			isa = XCBuildConfiguration;
			buildSettings = {
				ALWAYS_SEARCH_USER_PATHS = NO;
				ASSETCATALOG_COMPILER_GENERATE_SWIFT_ASSET_SYMBOL_EXTENSIONS = YES;
				CLANG_ANALYZER_NONNULL = YES;
				CLANG_ANALYZER_NUMBER_OBJECT_CONVERSION = YES_AGGRESSIVE;
				CLANG_CXX_LANGUAGE_STANDARD = "gnu++20";
				CLANG_ENABLE_MODULES = YES;
				CLANG_ENABLE_OBJC_ARC = YES;
				CLANG_ENABLE_OBJC_WEAK = YES;
				CLANG_WARN_BLOCK_CAPTURE_AUTORELEASING = YES;
				CLANG_WARN_BOOL_CONVERSION = YES;
				CLANG_WARN_COMMA = YES;
				CLANG_WARN_CONSTANT_CONVERSION = YES;
				CLANG_WARN_DEPRECATED_OBJC_IMPLEMENTATIONS = YES;
				CLANG_WARN_DIRECT_OBJC_ISA_USAGE = YES_ERROR;
				CLANG_WARN_DOCUMENTATION_COMMENTS = YES;
				CLANG_WARN_EMPTY_BODY = YES;
				CLANG_WARN_ENUM_CONVERSION = YES;
				CLANG_WARN_INFINITE_RECURSION = YES;
				CLANG_WARN_INT_CONVERSION = YES;
				CLANG_WARN_NON_LITERAL_NULL_CONVERSION = YES;
				CLANG_WARN_OBJC_IMPLICIT_RETAIN_SELF = YES;
				CLANG_WARN_OBJC_LITERAL_CONVERSION = YES;
				CLANG_WARN_OBJC_ROOT_CLASS = YES_ERROR;
				CLANG_WARN_QUOTED_INCLUDE_IN_FRAMEWORK_HEADER = YES;
				CLANG_WARN_RANGE_LOOP_ANALYSIS = YES;
				CLANG_WARN_STRICT_PROTOTYPES = YES;
				CLANG_WARN_SUSPICIOUS_MOVE = YES;
				CLANG_WARN_UNGUARDED_AVAILABILITY = YES_AGGRESSIVE;
				CLANG_WARN_UNREACHABLE_CODE = YES;
				CLANG_WARN__DUPLICATE_METHOD_MATCH = YES;
				COPY_PHASE_STRIP = NO;
				DEBUG_INFORMATION_FORMAT = dwarf;
				ENABLE_STRICT_OBJC_MSGSEND = YES;
				ENABLE_TESTABILITY = YES;
				ENABLE_USER_SCRIPT_SANDBOXING = YES;
				GCC_C_LANGUAGE_STANDARD = gnu17;
				GCC_DYNAMIC_NO_PIC = NO;
				GCC_NO_COMMON_BLOCKS = YES;
				GCC_OPTIMIZATION_LEVEL = 0;
				GCC_PREPROCESSOR_DEFINITIONS = (
					"DEBUG=1",
					"$(inherited)",
				);
				GCC_WARN_64_TO_32_BIT_CONVERSION = YES;
				GCC_WARN_ABOUT_RETURN_TYPE = YES_ERROR;
				GCC_WARN_UNDECLARED_SELECTOR = YES;
				GCC_WARN_UNINITIALIZED_AUTOS = YES_AGGRESSIVE;
				GCC_WARN_UNUSED_FUNCTION = YES;
				GCC_WARN_UNUSED_VARIABLE = YES;
				IPHONEOS_DEPLOYMENT_TARGET = 17.0;
				LOCALIZATION_PREFERS_STRING_CATALOGS = YES;
				MTL_ENABLE_DEBUG_INFO = INCLUDE_SOURCE;
				MTL_FAST_MATH = YES;
				ONLY_ACTIVE_ARCH = YES;
				SDKROOT = iphoneos;
				SWIFT_ACTIVE_COMPILATION_CONDITIONS = "DEBUG $(inherited)";
				SWIFT_OPTIMIZATION_LEVEL = "-Onone";
			};
			name = Debug;
		};
		B88487032D2185C100B828CC /* Release */ = {
			isa = XCBuildConfiguration;
			buildSettings = {
				ALWAYS_SEARCH_USER_PATHS = NO;
				ASSETCATALOG_COMPILER_GENERATE_SWIFT_ASSET_SYMBOL_EXTENSIONS = YES;
				CLANG_ANALYZER_NONNULL = YES;
				CLANG_ANALYZER_NUMBER_OBJECT_CONVERSION = YES_AGGRESSIVE;
				CLANG_CXX_LANGUAGE_STANDARD = "gnu++20";
				CLANG_ENABLE_MODULES = YES;
				CLANG_ENABLE_OBJC_ARC = YES;
				CLANG_ENABLE_OBJC_WEAK = YES;
				CLANG_WARN_BLOCK_CAPTURE_AUTORELEASING = YES;
				CLANG_WARN_BOOL_CONVERSION = YES;
				CLANG_WARN_COMMA = YES;
				CLANG_WARN_CONSTANT_CONVERSION = YES;
				CLANG_WARN_DEPRECATED_OBJC_IMPLEMENTATIONS = YES;
				CLANG_WARN_DIRECT_OBJC_ISA_USAGE = YES_ERROR;
				CLANG_WARN_DOCUMENTATION_COMMENTS = YES;
				CLANG_WARN_EMPTY_BODY = YES;
				CLANG_WARN_ENUM_CONVERSION = YES;
				CLANG_WARN_INFINITE_RECURSION = YES;
				CLANG_WARN_INT_CONVERSION = YES;
				CLANG_WARN_NON_LITERAL_NULL_CONVERSION = YES;
				CLANG_WARN_OBJC_IMPLICIT_RETAIN_SELF = YES;
				CLANG_WARN_OBJC_LITERAL_CONVERSION = YES;
				CLANG_WARN_OBJC_ROOT_CLASS = YES_ERROR;
				CLANG_WARN_QUOTED_INCLUDE_IN_FRAMEWORK_HEADER = YES;
				CLANG_WARN_RANGE_LOOP_ANALYSIS = YES;
				CLANG_WARN_STRICT_PROTOTYPES = YES;
				CLANG_WARN_SUSPICIOUS_MOVE = YES;
				CLANG_WARN_UNGUARDED_AVAILABILITY = YES_AGGRESSIVE;
				CLANG_WARN_UNREACHABLE_CODE = YES;
				CLANG_WARN__DUPLICATE_METHOD_MATCH = YES;
				COPY_PHASE_STRIP = NO;
				DEBUG_INFORMATION_FORMAT = "dwarf-with-dsym";
				ENABLE_NS_ASSERTIONS = NO;
				ENABLE_STRICT_OBJC_MSGSEND = YES;
				ENABLE_USER_SCRIPT_SANDBOXING = YES;
				GCC_C_LANGUAGE_STANDARD = gnu17;
				GCC_NO_COMMON_BLOCKS = YES;
				GCC_WARN_64_TO_32_BIT_CONVERSION = YES;
				GCC_WARN_ABOUT_RETURN_TYPE = YES_ERROR;
				GCC_WARN_UNDECLARED_SELECTOR = YES;
				GCC_WARN_UNINITIALIZED_AUTOS = YES_AGGRESSIVE;
				GCC_WARN_UNUSED_FUNCTION = YES;
				GCC_WARN_UNUSED_VARIABLE = YES;
				IPHONEOS_DEPLOYMENT_TARGET = 17.0;
				LOCALIZATION_PREFERS_STRING_CATALOGS = YES;
				MTL_ENABLE_DEBUG_INFO = NO;
				MTL_FAST_MATH = YES;
				SDKROOT = iphoneos;
				SWIFT_COMPILATION_MODE = wholemodule;
				VALIDATE_PRODUCT = YES;
			};
			name = Release;
		};
		B88487052D2185C100B828CC /* Debug */ = {
			isa = XCBuildConfiguration;
			buildSettings = {
				ASSETCATALOG_COMPILER_APPICON_NAME = AppIcon;
				ASSETCATALOG_COMPILER_GLOBAL_ACCENT_COLOR_NAME = AccentColor;
				CODE_SIGN_STYLE = Automatic;
				CURRENT_PROJECT_VERSION = 1;
				DEVELOPMENT_TEAM = QH2CGK27UU;
				GENERATE_INFOPLIST_FILE = YES;
				INFOPLIST_FILE = compositionalLayout/Info.plist;
				INFOPLIST_KEY_UIApplicationSupportsIndirectInputEvents = YES;
				INFOPLIST_KEY_UILaunchStoryboardName = LaunchScreen;
				INFOPLIST_KEY_UIMainStoryboardFile = Main;
				INFOPLIST_KEY_UISupportedInterfaceOrientations_iPad = "UIInterfaceOrientationPortrait UIInterfaceOrientationPortraitUpsideDown UIInterfaceOrientationLandscapeLeft UIInterfaceOrientationLandscapeRight";
				INFOPLIST_KEY_UISupportedInterfaceOrientations_iPhone = "UIInterfaceOrientationPortrait UIInterfaceOrientationLandscapeLeft UIInterfaceOrientationLandscapeRight";
				LD_RUNPATH_SEARCH_PATHS = (
					"$(inherited)",
					"@executable_path/Frameworks",
				);
				MARKETING_VERSION = 1.0;
				PRODUCT_BUNDLE_IDENTIFIER = com.compositionalLayout;
				PRODUCT_NAME = "$(TARGET_NAME)";
				SWIFT_EMIT_LOC_STRINGS = YES;
				SWIFT_VERSION = 5.0;
				TARGETED_DEVICE_FAMILY = "1,2";
			};
			name = Debug;
		};
		B88487062D2185C100B828CC /* Release */ = {
			isa = XCBuildConfiguration;
			buildSettings = {
				ASSETCATALOG_COMPILER_APPICON_NAME = AppIcon;
				ASSETCATALOG_COMPILER_GLOBAL_ACCENT_COLOR_NAME = AccentColor;
				CODE_SIGN_STYLE = Automatic;
				CURRENT_PROJECT_VERSION = 1;
				DEVELOPMENT_TEAM = QH2CGK27UU;
				GENERATE_INFOPLIST_FILE = YES;
				INFOPLIST_FILE = compositionalLayout/Info.plist;
				INFOPLIST_KEY_UIApplicationSupportsIndirectInputEvents = YES;
				INFOPLIST_KEY_UILaunchStoryboardName = LaunchScreen;
				INFOPLIST_KEY_UIMainStoryboardFile = Main;
				INFOPLIST_KEY_UISupportedInterfaceOrientations_iPad = "UIInterfaceOrientationPortrait UIInterfaceOrientationPortraitUpsideDown UIInterfaceOrientationLandscapeLeft UIInterfaceOrientationLandscapeRight";
				INFOPLIST_KEY_UISupportedInterfaceOrientations_iPhone = "UIInterfaceOrientationPortrait UIInterfaceOrientationLandscapeLeft UIInterfaceOrientationLandscapeRight";
				LD_RUNPATH_SEARCH_PATHS = (
					"$(inherited)",
					"@executable_path/Frameworks",
				);
				MARKETING_VERSION = 1.0;
				PRODUCT_BUNDLE_IDENTIFIER = com.compositionalLayout;
				PRODUCT_NAME = "$(TARGET_NAME)";
				SWIFT_EMIT_LOC_STRINGS = YES;
				SWIFT_VERSION = 5.0;
				TARGETED_DEVICE_FAMILY = "1,2";
			};
			name = Release;
		};
/* End XCBuildConfiguration section */

/* Begin XCConfigurationList section */
		B88486E82D2185C000B828CC /* Build configuration list for PBXProject "compositionalLayout" */ = {
			isa = XCConfigurationList;
			buildConfigurations = (
				B88487022D2185C100B828CC /* Debug */,
				B88487032D2185C100B828CC /* Release */,
			);
			defaultConfigurationIsVisible = 0;
			defaultConfigurationName = Release;
		};
		B88487042D2185C100B828CC /* Build configuration list for PBXNativeTarget "compositionalLayout" */ = {
			isa = XCConfigurationList;
			buildConfigurations = (
				B88487052D2185C100B828CC /* Debug */,
				B88487062D2185C100B828CC /* Release */,
			);
			defaultConfigurationIsVisible = 0;
			defaultConfigurationName = Release;
		};
/* End XCConfigurationList section */

/* Begin XCVersionGroup section */
		B88486F92D2185C000B828CC /* compositionalLayout.xcdatamodeld */ = {
			isa = XCVersionGroup;
			children = (
				B88486FA2D2185C000B828CC /* compositionalLayout.xcdatamodel */,
			);
			currentVersion = B88486FA2D2185C000B828CC /* compositionalLayout.xcdatamodel */;
			path = compositionalLayout.xcdatamodeld;
			sourceTree = "<group>";
			versionGroupType = wrapper.xcdatamodel;
		};
/* End XCVersionGroup section */
	};
	rootObject = B88486E52D2185C000B828CC /* Project object */;
}
